// !$*UTF8*$!
{
	archiveVersion = 1;
	classes = {
	};
	objectVersion = 56;
	objects = {

/* Begin PBXBuildFile section */
		000000000000000000000030 /* iOSStoreApp.swift in Sources */ = {isa = PBXBuildFile; fileRef = 000000000000000000000010 /* iOSStoreApp.swift */; };
		000000000000000000000031 /* StoreItem.swift in Sources */ = {isa = PBXBuildFile; fileRef = 000000000000000000000011 /* StoreItem.swift */; };
		000000000000000000000032 /* R2Service.swift in Sources */ = {isa = PBXBuildFile; fileRef = 000000000000000000000012 /* R2Service.swift */; };
		000000000000000000000033 /* OTAInstallService.swift in Sources */ = {isa = PBXBuildFile; fileRef = 000000000000000000000013 /* OTAInstallService.swift */; };
		000000000000000000000034 /* StoreViewModel.swift in Sources */ = {isa = PBXBuildFile; fileRef = 000000000000000000000014 /* StoreViewModel.swift */; };
		000000000000000000000035 /* BlurTabBar.swift in Sources */ = {isa = PBXBuildFile; fileRef = 000000000000000000000015 /* BlurTabBar.swift */; };
		000000000000000000000036 /* MainTabView.swift in Sources */ = {isa = PBXBuildFile; fileRef = 000000000000000000000016 /* MainTabView.swift */; };
		000000000000000000000037 /* HomeView.swift in Sources */ = {isa = PBXBuildFile; fileRef = 000000000000000000000017 /* HomeView.swift */; };
		000000000000000000000038 /* GamesView.swift in Sources */ = {isa = PBXBuildFile; fileRef = 000000000000000000000018 /* GamesView.swift */; };
		000000000000000000000039 /* AppsView.swift in Sources */ = {isa = PBXBuildFile; fileRef = 000000000000000000000019 /* AppsView.swift */; };
		00000000000000000000003A /* ProfileView.swift in Sources */ = {isa = PBXBuildFile; fileRef = 00000000000000000000001A /* ProfileView.swift */; };
		00000000000000000000003B /* AppDetailView.swift in Sources */ = {isa = PBXBuildFile; fileRef = 00000000000000000000001B /* AppDetailView.swift */; };
		00000000000000000000003C /* StoreItemCard.swift in Sources */ = {isa = PBXBuildFile; fileRef = 00000000000000000000001C /* StoreItemCard.swift */; };
		000000000000000000000061 /* AppBackground.swift in Sources */ = {isa = PBXBuildFile; fileRef = 000000000000000000000060 /* AppBackground.swift */; };
		00000000000000000000003D /* Assets.xcassets in Resources */ = {isa = PBXBuildFile; fileRef = 00000000000000000000001D /* Assets.xcassets */; };
		00000000000000000000003E /* LaunchScreen.storyboard in Resources */ = {isa = PBXBuildFile; fileRef = 00000000000000000000001E /* LaunchScreen.storyboard */; };
		00000000000000000000003F /* Localizable.strings in Resources */ = {isa = PBXBuildFile; fileRef = 000000000000000000000020 /* Localizable.strings */; };
		000000000000000000000040 /* Localizable.strings in Resources */ = {isa = PBXBuildFile; fileRef = 000000000000000000000021 /* Localizable.strings */; };
		000000000000000000000041 /* UIKit.framework in Frameworks */ = {isa = PBXBuildFile; fileRef = 000000000000000000000022 /* UIKit.framework */; };
		000000000000000000000042 /* SwiftUI.framework in Frameworks */ = {isa = PBXBuildFile; fileRef = 000000000000000000000023 /* SwiftUI.framework */; };
/* End PBXBuildFile section */

/* Begin PBXFileReference section */
		000000000000000000000010 /* iOSStoreApp.swift */ = {isa = PBXFileReference; lastKnownFileType = sourcecode.swift; path = iOSStoreApp.swift; sourceTree = "<group>"; };
		000000000000000000000011 /* StoreItem.swift */ = {isa = PBXFileReference; lastKnownFileType = sourcecode.swift; path = StoreItem.swift; sourceTree = "<group>"; };
		000000000000000000000012 /* R2Service.swift */ = {isa = PBXFileReference; lastKnownFileType = sourcecode.swift; path = R2Service.swift; sourceTree = "<group>"; };
		000000000000000000000013 /* OTAInstallService.swift */ = {isa = PBXFileReference; lastKnownFileType = sourcecode.swift; path = OTAInstallService.swift; sourceTree = "<group>"; };
		000000000000000000000014 /* StoreViewModel.swift */ = {isa = PBXFileReference; lastKnownFileType = sourcecode.swift; path = StoreViewModel.swift; sourceTree = "<group>"; };
		000000000000000000000015 /* BlurTabBar.swift */ = {isa = PBXFileReference; lastKnownFileType = sourcecode.swift; path = BlurTabBar.swift; sourceTree = "<group>"; };
		000000000000000000000016 /* MainTabView.swift */ = {isa = PBXFileReference; lastKnownFileType = sourcecode.swift; path = MainTabView.swift; sourceTree = "<group>"; };
		000000000000000000000017 /* HomeView.swift */ = {isa = PBXFileReference; lastKnownFileType = sourcecode.swift; path = HomeView.swift; sourceTree = "<group>"; };
		000000000000000000000018 /* GamesView.swift */ = {isa = PBXFileReference; lastKnownFileType = sourcecode.swift; path = GamesView.swift; sourceTree = "<group>"; };
		000000000000000000000019 /* AppsView.swift */ = {isa = PBXFileReference; lastKnownFileType = sourcecode.swift; path = AppsView.swift; sourceTree = "<group>"; };
		00000000000000000000001A /* ProfileView.swift */ = {isa = PBXFileReference; lastKnownFileType = sourcecode.swift; path = ProfileView.swift; sourceTree = "<group>"; };
		00000000000000000000001B /* AppDetailView.swift */ = {isa = PBXFileReference; lastKnownFileType = sourcecode.swift; path = AppDetailView.swift; sourceTree = "<group>"; };
		00000000000000000000001C /* StoreItemCard.swift */ = {isa = PBXFileReference; lastKnownFileType = sourcecode.swift; path = StoreItemCard.swift; sourceTree = "<group>"; };
		000000000000000000000060 /* AppBackground.swift */ = {isa = PBXFileReference; lastKnownFileType = sourcecode.swift; path = AppBackground.swift; sourceTree = "<group>"; };
		00000000000000000000001D /* Assets.xcassets */ = {isa = PBXFileReference; lastKnownFileType = folder.assetcatalog; path = Assets.xcassets; sourceTree = "<group>"; };
		00000000000000000000001E /* LaunchScreen.storyboard */ = {isa = PBXFileReference; lastKnownFileType = file.storyboard; path = LaunchScreen.storyboard; sourceTree = "<group>"; };
		00000000000000000000001F /* Info.plist */ = {isa = PBXFileReference; lastKnownFileType = text.plist.xml; path = Info.plist; sourceTree = "<group>"; };
		000000000000000000000020 /* Localizable.strings */ = {isa = PBXFileReference; lastKnownFileType = text.plist.strings; name = "en"; path = "en.lproj/Localizable.strings"; sourceTree = "<group>"; };
		000000000000000000000021 /* Localizable.strings */ = {isa = PBXFileReference; lastKnownFileType = text.plist.strings; name = "ar"; path = "ar.lproj/Localizable.strings"; sourceTree = "<group>"; };
		000000000000000000000022 /* UIKit.framework */ = {isa = PBXFileReference; lastKnownFileType = wrapper.framework; name = UIKit.framework; path = System/Library/Frameworks/UIKit.framework; sourceTree = SDKROOT; };
		000000000000000000000023 /* SwiftUI.framework */ = {isa = PBXFileReference; lastKnownFileType = wrapper.framework; name = SwiftUI.framework; path = System/Library/Frameworks/SwiftUI.framework; sourceTree = SDKROOT; };
		000000000000000000000024 /* iOSStore.app */ = {isa = PBXFileReference; explicitFileType = wrapper.application; includeInIndex = 0; path = iOSStore.app; sourceTree = BUILT_PRODUCTS_DIR; };
/* End PBXFileReference section */

/* Begin PBXFrameworksBuildPhase section */
		000000000000000000000009 /* Frameworks */ = {
			isa = PBXFrameworksBuildPhase;
			buildActionMask = 2147483647;
			files = (
				000000000000000000000041 /* UIKit.framework in Frameworks */,
				000000000000000000000042 /* SwiftUI.framework in Frameworks */,
			);
			runOnlyForDeploymentPostprocessing = 0;
		};
/* End PBXFrameworksBuildPhase section */

/* Begin PBXGroup section */
		000000000000000000000002 /* Main */ = {
			isa = PBXGroup;
			children = (
				000000000000000000000055 /* iOSStore */,
				000000000000000000000003 /* Products */,
				000000000000000000000004 /* Frameworks */,
			);
			sourceTree = "<group>";
		};
		000000000000000000000055 /* iOSStore */ = {
			isa = PBXGroup;
			children = (
				000000000000000000000010 /* iOSStoreApp.swift */,
				000000000000000000000050 /* Models */,
				000000000000000000000051 /* Services */,
				000000000000000000000052 /* ViewModels */,
				000000000000000000000053 /* Views */,
				000000000000000000000054 /* Resources */,
				00000000000000000000001D /* Assets.xcassets */,
				00000000000000000000001F /* Info.plist */,
				000000000000000000000020 /* Localizable.strings */,
				000000000000000000000021 /* Localizable.strings */,
			);
			path = iOSStore;
			sourceTree = "<group>";
		};
		000000000000000000000003 /* Products */ = {
			isa = PBXGroup;
			children = (
				000000000000000000000024 /* iOSStore.app */,
			);
			name = Products;
			sourceTree = "<group>";
		};
		000000000000000000000004 /* Frameworks */ = {
			isa = PBXGroup;
			children = (
				000000000000000000000022 /* UIKit.framework */,
				000000000000000000000023 /* SwiftUI.framework */,
			);
			name = Frameworks;
			sourceTree = "<group>";
		};
		000000000000000000000050 /* Models */ = {
			isa = PBXGroup;
			children = (
				000000000000000000000011 /* StoreItem.swift */,
			);
			path = Models;
			sourceTree = "<group>";
		};
		000000000000000000000051 /* Services */ = {
			isa = PBXGroup;
			children = (
				000000000000000000000012 /* R2Service.swift */,
				000000000000000000000013 /* OTAInstallService.swift */,
			);
			path = Services;
			sourceTree = "<group>";
		};
		000000000000000000000052 /* ViewModels */ = {
			isa = PBXGroup;
			children = (
				000000000000000000000014 /* StoreViewModel.swift */,
			);
			path = ViewModels;
			sourceTree = "<group>";
		};
		000000000000000000000053 /* Views */ = {
			isa = PBXGroup;
			children = (
				000000000000000000000015 /* BlurTabBar.swift */,
				000000000000000000000016 /* MainTabView.swift */,
				000000000000000000000017 /* HomeView.swift */,
				000000000000000000000018 /* GamesView.swift */,
				000000000000000000000019 /* AppsView.swift */,
				00000000000000000000001A /* ProfileView.swift */,
				00000000000000000000001B /* AppDetailView.swift */,
				00000000000000000000001C /* StoreItemCard.swift */,
				000000000000000000000060 /* AppBackground.swift */,
			);
			path = Views;
			sourceTree = "<group>";
		};
		000000000000000000000054 /* Resources */ = {
			isa = PBXGroup;
			children = (
				00000000000000000000001E /* LaunchScreen.storyboard */,
			);
			path = Resources;
			sourceTree = "<group>";
		};
		000000000000000000000001 /* Project object */ = {
			isa = PBXProject;
			buildConfigurationList = 00000000000000000000000A /* Build configuration list for PBXProject "iOSStore" */;
			compatibilityVersion = "Xcode 14.0";
			developmentRegion = en;
			hasScannedForEncodings = 0;
			knownRegions = (
				en,
				Base,
				ar,
			);
			mainGroup = 000000000000000000000002;
			productRefGroup = 000000000000000000000003 /* Products */;
			projectDirPath = "";
			projectRoot = "";
			targets = (
				000000000000000000000006 /* iOSStore */,
			);
		};
/* End PBXGroup section */

/* Begin PBXNativeTarget section */
		000000000000000000000006 /* iOSStore */ = {
			isa = PBXNativeTarget;
			buildConfigurationList = 00000000000000000000000B /* Build configuration list for PBXNativeTarget "iOSStore" */;
			buildPhases = (
				000000000000000000000007 /* Sources */,
				000000000000000000000008 /* Resources */,
				000000000000000000000009 /* Frameworks */,
			);
			buildRules = (
			);
			dependencies = (
			);
			name = iOSStore;
			productName = iOSStore;
			productReference = 000000000000000000000024 /* iOSStore.app */;
			productType = "com.apple.product-type.application";
		};
/* End PBXNativeTarget section */

/* Begin PBXResourcesBuildPhase section */
		000000000000000000000008 /* Resources */ = {
			isa = PBXResourcesBuildPhase;
			buildActionMask = 2147483647;
			files = (
				00000000000000000000003D /* Assets.xcassets in Resources */,
				00000000000000000000003E /* LaunchScreen.storyboard in Resources */,
				00000000000000000000003F /* Localizable.strings in Resources */,
				000000000000000000000040 /* Localizable.strings in Resources */,
			);
			runOnlyForDeploymentPostprocessing = 0;
		};
/* End PBXResourcesBuildPhase section */

/* Begin PBXSourcesBuildPhase section */
		000000000000000000000007 /* Sources */ = {
			isa = PBXSourcesBuildPhase;
			buildActionMask = 2147483647;
			files = (
				000000000000000000000030 /* iOSStoreApp.swift in Sources */,
				000000000000000000000031 /* StoreItem.swift in Sources */,
				000000000000000000000032 /* R2Service.swift in Sources */,
				000000000000000000000033 /* OTAInstallService.swift in Sources */,
				000000000000000000000034 /* StoreViewModel.swift in Sources */,
				000000000000000000000035 /* BlurTabBar.swift in Sources */,
				000000000000000000000036 /* MainTabView.swift in Sources */,
				000000000000000000000037 /* HomeView.swift in Sources */,
				000000000000000000000038 /* GamesView.swift in Sources */,
				000000000000000000000039 /* AppsView.swift in Sources */,
				00000000000000000000003A /* ProfileView.swift in Sources */,
				00000000000000000000003B /* AppDetailView.swift in Sources */,
				00000000000000000000003C /* StoreItemCard.swift in Sources */,
				000000000000000000000061 /* AppBackground.swift in Sources */,
			);
			runOnlyForDeploymentPostprocessing = 0;
		};
/* End PBXSourcesBuildPhase section */

/* Begin XCBuildConfiguration section */
		00000000000000000000000C /* Debug */ = {
			isa = XCBuildConfiguration;
			buildSettings = {
				ALWAYS_SEARCH_USER_PATHS = NO;
				ASSETCATALOG_COMPILER_GENERATE_SWIFT_ASSET_SYMBOL_EXTENSIONS = YES;
				CLANG_ANALYZER_NONNULL = YES;
				CLANG_ANALYZER_NUMBER_OBJECT_CONVERSION = YES_AGGRESSIVE;
				CLANG_CXX_LANGUAGE_STANDARD = "gnu++20";
				CLANG_ENABLE_MODULES = YES;
				CLANG_ENABLE_OBJC_ARC = YES;
				CLANG_ENABLE_OBJC_WEAK = YES;
				CLANG_WARN_BLOCK_CAPTURE_AUTORELEASING = YES;
				CLANG_WARN_BOOL_CONVERSION = YES;
				CLANG_WARN_COMMA = YES;
				CLANG_WARN_CONSTANT_CONVERSION = YES;
				CLANG_WARN_DEPRECATED_OBJC_IMPLEMENTATIONS = YES;
				CLANG_WARN_DIRECT_OBJC_ISA_USAGE = YES_ERROR;
				CLANG_WARN_DOCUMENTATION_COMMENTS = YES;
				CLANG_WARN_EMPTY_BODY = YES;
				CLANG_WARN_ENUM_CONVERSION = YES;
				CLANG_WARN_INFINITE_RECURSION = YES;
				CLANG_WARN_INT_CONVERSION = YES;
				CLANG_WARN_NON_LITERAL_NULL_CONVERSION = YES;
				CLANG_WARN_OBJC_IMPLICIT_RETAIN_SELF = YES;
				CLANG_WARN_OBJC_LITERAL_CONVERSION = YES;
				CLANG_WARN_OBJC_ROOT_CLASS = YES_ERROR;
				CLANG_WARN_QUOTED_INCLUDE_IN_FRAMEWORK_HEADER = YES;
				CLANG_WARN_RANGE_LOOP_ANALYSIS = YES;
				CLANG_WARN_STRICT_PROTOTYPES = YES;
				CLANG_WARN_SUSPICIOUS_MOVE = YES;
				CLANG_WARN_UNGUARDED_AVAILABILITY = YES_AGGRESSIVE;
				CLANG_WARN_UNREACHABLE_CODE = YES;
				CLANG_WARN__DUPLICATE_METHOD_MATCH = YES;
				COPY_PHASE_STRIP = NO;
				DEBUG_INFORMATION_FORMAT = dwarf;
				ENABLE_STRICT_OBJC_MSGSEND = YES;
				ENABLE_TESTABILITY = YES;
				ENABLE_USER_SCRIPT_SANDBOXING = NO;
				GCC_C_LANGUAGE_STANDARD = gnu17;
				GCC_DYNAMIC_NO_PIC = NO;
				GCC_NO_COMMON_BLOCKS = YES;
				GCC_OPTIMIZATION_LEVEL = 0;
				GCC_PREPROCESSOR_DEFINITIONS = (
					"DEBUG=1",
					"$(inherited)",
				);
				GCC_WARN_64_TO_32_BIT_CONVERSION = YES;
				GCC_WARN_ABOUT_RETURN_TYPE = YES_ERROR;
				GCC_WARN_UNDECLARED_SELECTOR = YES;
				GCC_WARN_UNINITIALIZED_AUTOS = YES_AGGRESSIVE;
				GCC_WARN_UNUSED_FUNCTION = YES;
				GCC_WARN_UNUSED_VARIABLE = YES;
				IPHONEOS_DEPLOYMENT_TARGET = 16.0;
				LOCALIZATION_PREFERS_STRING_CATALOGS = YES;
				MTL_ENABLE_DEBUG_INFO = INCLUDE_SOURCE;
				MTL_FAST_MATH = YES;
				ONLY_ACTIVE_ARCH = YES;
				SDKROOT = iphoneos;
				SWIFT_ACTIVE_COMPILATION_CONDITIONS = "DEBUG $(inherited)";
				SWIFT_OPTIMIZATION_LEVEL = "-Onone";
			};
			name = Debug;
		};
		00000000000000000000000D /* Release */ = {
			isa = XCBuildConfiguration;
			buildSettings = {
				ALWAYS_SEARCH_USER_PATHS = NO;
				ASSETCATALOG_COMPILER_GENERATE_SWIFT_ASSET_SYMBOL_EXTENSIONS = YES;
				CLANG_ANALYZER_NONNULL = YES;
				CLANG_ANALYZER_NUMBER_OBJECT_CONVERSION = YES_AGGRESSIVE;
				CLANG_CXX_LANGUAGE_STANDARD = "gnu++20";
				CLANG_ENABLE_MODULES = YES;
				CLANG_ENABLE_OBJC_ARC = YES;
				CLANG_ENABLE_OBJC_WEAK = YES;
				CLANG_WARN_BLOCK_CAPTURE_AUTORELEASING = YES;
				CLANG_WARN_BOOL_CONVERSION = YES;
				CLANG_WARN_COMMA = YES;
				CLANG_WARN_CONSTANT_CONVERSION = YES;
				CLANG_WARN_DEPRECATED_OBJC_IMPLEMENTATIONS = YES;
				CLANG_WARN_DIRECT_OBJC_ISA_USAGE = YES_ERROR;
				CLANG_WARN_DOCUMENTATION_COMMENTS = YES;
				CLANG_WARN_EMPTY_BODY = YES;
				CLANG_WARN_ENUM_CONVERSION = YES;
				CLANG_WARN_INFINITE_RECURSION = YES;
				CLANG_WARN_INT_CONVERSION = YES;
				CLANG_WARN_NON_LITERAL_NULL_CONVERSION = YES;
				CLANG_WARN_OBJC_IMPLICIT_RETAIN_SELF = YES;
				CLANG_WARN_OBJC_LITERAL_CONVERSION = YES;
				CLANG_WARN_OBJC_ROOT_CLASS = YES_ERROR;
				CLANG_WARN_QUOTED_INCLUDE_IN_FRAMEWORK_HEADER = YES;
				CLANG_WARN_RANGE_LOOP_ANALYSIS = YES;
				CLANG_WARN_STRICT_PROTOTYPES = YES;
				CLANG_WARN_SUSPICIOUS_MOVE = YES;
				CLANG_WARN_UNGUARDED_AVAILABILITY = YES_AGGRESSIVE;
				CLANG_WARN_UNREACHABLE_CODE = YES;
				CLANG_WARN__DUPLICATE_METHOD_MATCH = YES;
				COPY_PHASE_STRIP = NO;
				DEBUG_INFORMATION_FORMAT = "dwarf-with-dsym";
				ENABLE_NS_ASSERTIONS = NO;
				ENABLE_STRICT_OBJC_MSGSEND = YES;
				ENABLE_USER_SCRIPT_SANDBOXING = NO;
				GCC_C_LANGUAGE_STANDARD = gnu17;
				GCC_NO_COMMON_BLOCKS = YES;
				GCC_WARN_64_TO_32_BIT_CONVERSION = YES;
				GCC_WARN_ABOUT_RETURN_TYPE = YES_ERROR;
				GCC_WARN_UNDECLARED_SELECTOR = YES;
				GCC_WARN_UNINITIALIZED_AUTOS = YES_AGGRESSIVE;
				GCC_WARN_UNUSED_FUNCTION = YES;
				GCC_WARN_UNUSED_VARIABLE = YES;
				IPHONEOS_DEPLOYMENT_TARGET = 16.0;
				LOCALIZATION_PREFERS_STRING_CATALOGS = YES;
				MTL_ENABLE_DEBUG_INFO = NO;
				MTL_FAST_MATH = YES;
				SDKROOT = iphoneos;
				SWIFT_COMPILATION_MODE = wholemodule;
				VALIDATE_PRODUCT = YES;
			};
			name = Release;
		};
		00000000000000000000000E /* Debug */ = {
			isa = XCBuildConfiguration;
			buildSettings = {
				ASSETCATALOG_COMPILER_APPICON_NAME = AppIcon;
				ASSETCATALOG_COMPILER_GLOBAL_ACCENT_COLOR_NAME = AccentColor;
				CODE_SIGN_STYLE = Automatic;
				CURRENT_PROJECT_VERSION = 1;
				DEVELOPMENT_ASSET_PATHS = "";
				DEVELOPMENT_TEAM = "";
				ENABLE_PREVIEWS = YES;
				GENERATE_INFOPLIST_FILE = NO;
				INFOPLIST_FILE = iOSStore/Info.plist;
				INFOPLIST_KEY_CFBundleDisplayName = "LOGIC STORE";
				INFOPLIST_KEY_LSApplicationCategoryType = "public.app-category.utilities";
				INFOPLIST_KEY_UIApplicationSceneManifest_Generation = YES;
				INFOPLIST_KEY_UIApplicationSupportsIndirectInputEvents = YES;
				INFOPLIST_KEY_UILaunchStoryboardName = LaunchScreen;
				INFOPLIST_KEY_UISupportedInterfaceOrientations = UIInterfaceOrientationPortrait;
				INFOPLIST_KEY_UISupportedInterfaceOrientations_iPad = "UIInterfaceOrientationLandscapeLeft UIInterfaceOrientationLandscapeRight UIInterfaceOrientationPortrait UIInterfaceOrientationPortraitUpsideDown";
				IPHONEOS_DEPLOYMENT_TARGET = 16.0;
				LD_RUNPATH_SEARCH_PATHS = (
					"$(inherited)",
					"@executable_path/Frameworks",
				);
				MARKETING_VERSION = 1.0;
				PRODUCT_BUNDLE_IDENTIFIER = com.yourcompany.iosstore;
				PRODUCT_NAME = "$(TARGET_NAME)";
				SWIFT_EMIT_LOC_STRINGS = YES;
				SWIFT_VERSION = 5.0;
				TARGETED_DEVICE_FAMILY = "1,2";
			};
			name = Debug;
		};
		00000000000000000000000F /* Release */ = {
			isa = XCBuildConfiguration;
			buildSettings = {
				ASSETCATALOG_COMPILER_APPICON_NAME = AppIcon;
				ASSETCATALOG_COMPILER_GLOBAL_ACCENT_COLOR_NAME = AccentColor;
				CODE_SIGN_STYLE = Automatic;
				CURRENT_PROJECT_VERSION = 1;
				DEVELOPMENT_ASSET_PATHS = "";
				DEVELOPMENT_TEAM = "";
				ENABLE_PREVIEWS = YES;
				GENERATE_INFOPLIST_FILE = NO;
				INFOPLIST_FILE = iOSStore/Info.plist;
				INFOPLIST_KEY_CFBundleDisplayName = "LOGIC STORE";
				INFOPLIST_KEY_LSApplicationCategoryType = "public.app-category.utilities";
				INFOPLIST_KEY_UIApplicationSceneManifest_Generation = YES;
				INFOPLIST_KEY_UIApplicationSupportsIndirectInputEvents = YES;
				INFOPLIST_KEY_UILaunchStoryboardName = LaunchScreen;
				INFOPLIST_KEY_UISupportedInterfaceOrientations = UIInterfaceOrientationPortrait;
				INFOPLIST_KEY_UISupportedInterfaceOrientations_iPad = "UIInterfaceOrientationLandscapeLeft UIInterfaceOrientationLandscapeRight UIInterfaceOrientationPortrait UIInterfaceOrientationPortraitUpsideDown";
				IPHONEOS_DEPLOYMENT_TARGET = 16.0;
				LD_RUNPATH_SEARCH_PATHS = (
					"$(inherited)",
					"@executable_path/Frameworks",
				);
				MARKETING_VERSION = 1.0;
				PRODUCT_BUNDLE_IDENTIFIER = com.yourcompany.iosstore;
				PRODUCT_NAME = "$(TARGET_NAME)";
				SWIFT_EMIT_LOC_STRINGS = YES;
				SWIFT_VERSION = 5.0;
				TARGETED_DEVICE_FAMILY = "1,2";
			};
			name = Release;
		};
/* End XCBuildConfiguration section */

/* Begin XCConfigurationList section */
		00000000000000000000000A /* Build configuration list for PBXProject "iOSStore" */ = {
			isa = XCConfigurationList;
			buildConfigurations = (
				00000000000000000000000C /* Debug */,
				00000000000000000000000D /* Release */,
			);
			defaultConfigurationIsVisible = 0;
			defaultConfigurationName = Release;
		};
		00000000000000000000000B /* Build configuration list for PBXNativeTarget "iOSStore" */ = {
			isa = XCConfigurationList;
			buildConfigurations = (
				00000000000000000000000E /* Debug */,
				00000000000000000000000F /* Release */,
			);
			defaultConfigurationIsVisible = 0;
			defaultConfigurationName = Release;
		};
/* End XCConfigurationList section */
	};
	rootObject = 000000000000000000000001 /* Project object */;
}
